// !$*UTF8*$!
{
	archiveVersion = 1;
	classes = {
	};
	objectVersion = 55;
	objects = {

/* Begin PBXBuildFile section */
		AD91A65B27B5B21500E589AE /* WeatherResponse.swift in Sources */ = {isa = PBXBuildFile; fileRef = AD91A65A27B5B21500E589AE /* WeatherResponse.swift */; };
		AD91A65D27B5B25600E589AE /* Weather.swift in Sources */ = {isa = PBXBuildFile; fileRef = AD91A65C27B5B25600E589AE /* Weather.swift */; };
		AD91A65F27B5B26200E589AE /* WeatherDetail.swift in Sources */ = {isa = PBXBuildFile; fileRef = AD91A65E27B5B26200E589AE /* WeatherDetail.swift */; };
		AD91A66127B5B27400E589AE /* DailyWeather.swift in Sources */ = {isa = PBXBuildFile; fileRef = AD91A66027B5B27400E589AE /* DailyWeather.swift */; };
		AD91A66327B5B28E00E589AE /* Temperature.swift in Sources */ = {isa = PBXBuildFile; fileRef = AD91A66227B5B28E00E589AE /* Temperature.swift */; };
		AD91A66727B6BD8C00E589AE /* CityViewViewModel.swift in Sources */ = {isa = PBXBuildFile; fileRef = AD91A66627B6BD8C00E589AE /* CityViewViewModel.swift */; };
		ADA643DA27B3009E00057543 /* LocalWeatherApp.swift in Sources */ = {isa = PBXBuildFile; fileRef = ADA643D927B3009E00057543 /* LocalWeatherApp.swift */; };
		ADA643DC27B3009E00057543 /* ContentView.swift in Sources */ = {isa = PBXBuildFile; fileRef = ADA643DB27B3009E00057543 /* ContentView.swift */; };
		ADA643DE27B3009F00057543 /* Assets.xcassets in Resources */ = {isa = PBXBuildFile; fileRef = ADA643DD27B3009F00057543 /* Assets.xcassets */; };
		ADA643E127B3009F00057543 /* Preview Assets.xcassets in Resources */ = {isa = PBXBuildFile; fileRef = ADA643E027B3009F00057543 /* Preview Assets.xcassets */; };
		ADA643EE27B3013A00057543 /* API.swift in Sources */ = {isa = PBXBuildFile; fileRef = ADA643ED27B3013A00057543 /* API.swift */; };
		ADA643F027B3018200057543 /* API+Extensions.swift in Sources */ = {isa = PBXBuildFile; fileRef = ADA643EF27B3018200057543 /* API+Extensions.swift */; };
		ADA643F227B302FA00057543 /* NetworkManager.swift in Sources */ = {isa = PBXBuildFile; fileRef = ADA643F127B302FA00057543 /* NetworkManager.swift */; };
/* End PBXBuildFile section */

/* Begin PBXFileReference section */
		AD91A65A27B5B21500E589AE /* WeatherResponse.swift */ = {isa = PBXFileReference; lastKnownFileType = sourcecode.swift; path = WeatherResponse.swift; sourceTree = "<group>"; };
		AD91A65C27B5B25600E589AE /* Weather.swift */ = {isa = PBXFileReference; lastKnownFileType = sourcecode.swift; path = Weather.swift; sourceTree = "<group>"; };
		AD91A65E27B5B26200E589AE /* WeatherDetail.swift */ = {isa = PBXFileReference; lastKnownFileType = sourcecode.swift; path = WeatherDetail.swift; sourceTree = "<group>"; };
		AD91A66027B5B27400E589AE /* DailyWeather.swift */ = {isa = PBXFileReference; lastKnownFileType = sourcecode.swift; path = DailyWeather.swift; sourceTree = "<group>"; };
		AD91A66227B5B28E00E589AE /* Temperature.swift */ = {isa = PBXFileReference; lastKnownFileType = sourcecode.swift; path = Temperature.swift; sourceTree = "<group>"; };
		AD91A66627B6BD8C00E589AE /* CityViewViewModel.swift */ = {isa = PBXFileReference; lastKnownFileType = sourcecode.swift; path = CityViewViewModel.swift; sourceTree = "<group>"; };
		ADA643D627B3009E00057543 /* LocalWeather.app */ = {isa = PBXFileReference; explicitFileType = wrapper.application; includeInIndex = 0; path = LocalWeather.app; sourceTree = BUILT_PRODUCTS_DIR; };
		ADA643D927B3009E00057543 /* LocalWeatherApp.swift */ = {isa = PBXFileReference; lastKnownFileType = sourcecode.swift; path = LocalWeatherApp.swift; sourceTree = "<group>"; };
		ADA643DB27B3009E00057543 /* ContentView.swift */ = {isa = PBXFileReference; lastKnownFileType = sourcecode.swift; path = ContentView.swift; sourceTree = "<group>"; };
		ADA643DD27B3009F00057543 /* Assets.xcassets */ = {isa = PBXFileReference; lastKnownFileType = folder.assetcatalog; path = Assets.xcassets; sourceTree = "<group>"; };
		ADA643E027B3009F00057543 /* Preview Assets.xcassets */ = {isa = PBXFileReference; lastKnownFileType = folder.assetcatalog; path = "Preview Assets.xcassets"; sourceTree = "<group>"; };
		ADA643ED27B3013A00057543 /* API.swift */ = {isa = PBXFileReference; lastKnownFileType = sourcecode.swift; path = API.swift; sourceTree = "<group>"; };
		ADA643EF27B3018200057543 /* API+Extensions.swift */ = {isa = PBXFileReference; lastKnownFileType = sourcecode.swift; path = "API+Extensions.swift"; sourceTree = "<group>"; };
		ADA643F127B302FA00057543 /* NetworkManager.swift */ = {isa = PBXFileReference; lastKnownFileType = sourcecode.swift; path = NetworkManager.swift; sourceTree = "<group>"; };
/* End PBXFileReference section */

/* Begin PBXFrameworksBuildPhase section */
		ADA643D327B3009E00057543 /* Frameworks */ = {
			isa = PBXFrameworksBuildPhase;
			buildActionMask = 2147483647;
			files = (
			);
			runOnlyForDeploymentPostprocessing = 0;
		};
/* End PBXFrameworksBuildPhase section */

/* Begin PBXGroup section */
		ADA643CD27B3009E00057543 = {
			isa = PBXGroup;
			children = (
				ADA643D827B3009E00057543 /* LocalWeather */,
				ADA643D727B3009E00057543 /* Products */,
			);
			sourceTree = "<group>";
		};
		ADA643D727B3009E00057543 /* Products */ = {
			isa = PBXGroup;
			children = (
				ADA643D627B3009E00057543 /* LocalWeather.app */,
			);
			name = Products;
			sourceTree = "<group>";
		};
		ADA643D827B3009E00057543 /* LocalWeather */ = {
			isa = PBXGroup;
			children = (
				ADA643EB27B3010800057543 /* LottieAnimations */,
				ADA643EA27B3010100057543 /* ViewModels */,
				ADA643E927B300FB00057543 /* Views */,
				ADA643E827B300F600057543 /* Models */,
				ADA643EC27B3012D00057543 /* Network */,
				ADA643E727B300D900057543 /* Helpers */,
				ADA643D927B3009E00057543 /* LocalWeatherApp.swift */,
				ADA643DB27B3009E00057543 /* ContentView.swift */,
				ADA643DD27B3009F00057543 /* Assets.xcassets */,
				ADA643DF27B3009F00057543 /* Preview Content */,
			);
			path = LocalWeather;
			sourceTree = "<group>";
		};
		ADA643DF27B3009F00057543 /* Preview Content */ = {
			isa = PBXGroup;
			children = (
				ADA643E027B3009F00057543 /* Preview Assets.xcassets */,
			);
			path = "Preview Content";
			sourceTree = "<group>";
		};
		ADA643E727B300D900057543 /* Helpers */ = {
			isa = PBXGroup;
			children = (
			);
			path = Helpers;
			sourceTree = "<group>";
		};
		ADA643E827B300F600057543 /* Models */ = {
			isa = PBXGroup;
			children = (
				AD91A65A27B5B21500E589AE /* WeatherResponse.swift */,
				AD91A65C27B5B25600E589AE /* Weather.swift */,
				AD91A65E27B5B26200E589AE /* WeatherDetail.swift */,
				AD91A66027B5B27400E589AE /* DailyWeather.swift */,
				AD91A66227B5B28E00E589AE /* Temperature.swift */,
			);
			path = Models;
			sourceTree = "<group>";
		};
		ADA643E927B300FB00057543 /* Views */ = {
			isa = PBXGroup;
			children = (
			);
			path = Views;
			sourceTree = "<group>";
		};
		ADA643EA27B3010100057543 /* ViewModels */ = {
			isa = PBXGroup;
			children = (
				AD91A66627B6BD8C00E589AE /* CityViewViewModel.swift */,
			);
			path = ViewModels;
			sourceTree = "<group>";
		};
		ADA643EB27B3010800057543 /* LottieAnimations */ = {
			isa = PBXGroup;
			children = (
			);
			path = LottieAnimations;
			sourceTree = "<group>";
		};
		ADA643EC27B3012D00057543 /* Network */ = {
			isa = PBXGroup;
			children = (
				ADA643ED27B3013A00057543 /* API.swift */,
				ADA643EF27B3018200057543 /* API+Extensions.swift */,
				ADA643F127B302FA00057543 /* NetworkManager.swift */,
			);
			path = Network;
			sourceTree = "<group>";
		};
/* End PBXGroup section */

/* Begin PBXNativeTarget section */
		ADA643D527B3009E00057543 /* LocalWeather */ = {
			isa = PBXNativeTarget;
			buildConfigurationList = ADA643E427B3009F00057543 /* Build configuration list for PBXNativeTarget "LocalWeather" */;
			buildPhases = (
				ADA643D227B3009E00057543 /* Sources */,
				ADA643D327B3009E00057543 /* Frameworks */,
				ADA643D427B3009E00057543 /* Resources */,
			);
			buildRules = (
			);
			dependencies = (
			);
			name = LocalWeather;
			productName = LocalWeather;
			productReference = ADA643D627B3009E00057543 /* LocalWeather.app */;
			productType = "com.apple.product-type.application";
		};
/* End PBXNativeTarget section */

/* Begin PBXProject section */
		ADA643CE27B3009E00057543 /* Project object */ = {
			isa = PBXProject;
			attributes = {
				BuildIndependentTargetsInParallel = 1;
				LastSwiftUpdateCheck = 1320;
				LastUpgradeCheck = 1320;
				TargetAttributes = {
					ADA643D527B3009E00057543 = {
						CreatedOnToolsVersion = 13.2.1;
					};
				};
			};
			buildConfigurationList = ADA643D127B3009E00057543 /* Build configuration list for PBXProject "LocalWeather" */;
			compatibilityVersion = "Xcode 13.0";
			developmentRegion = en;
			hasScannedForEncodings = 0;
			knownRegions = (
				en,
				Base,
			);
			mainGroup = ADA643CD27B3009E00057543;
			productRefGroup = ADA643D727B3009E00057543 /* Products */;
			projectDirPath = "";
			projectRoot = "";
			targets = (
				ADA643D527B3009E00057543 /* LocalWeather */,
			);
		};
/* End PBXProject section */

/* Begin PBXResourcesBuildPhase section */
		ADA643D427B3009E00057543 /* Resources */ = {
			isa = PBXResourcesBuildPhase;
			buildActionMask = 2147483647;
			files = (
				ADA643E127B3009F00057543 /* Preview Assets.xcassets in Resources */,
				ADA643DE27B3009F00057543 /* Assets.xcassets in Resources */,
			);
			runOnlyForDeploymentPostprocessing = 0;
		};
/* End PBXResourcesBuildPhase section */

/* Begin PBXSourcesBuildPhase section */
		ADA643D227B3009E00057543 /* Sources */ = {
			isa = PBXSourcesBuildPhase;
			buildActionMask = 2147483647;
			files = (
				ADA643F027B3018200057543 /* API+Extensions.swift in Sources */,
				AD91A65F27B5B26200E589AE /* WeatherDetail.swift in Sources */,
				AD91A65B27B5B21500E589AE /* WeatherResponse.swift in Sources */,
				ADA643DC27B3009E00057543 /* ContentView.swift in Sources */,
				ADA643F227B302FA00057543 /* NetworkManager.swift in Sources */,
				ADA643EE27B3013A00057543 /* API.swift in Sources */,
				ADA643DA27B3009E00057543 /* LocalWeatherApp.swift in Sources */,
				AD91A65D27B5B25600E589AE /* Weather.swift in Sources */,
				AD91A66327B5B28E00E589AE /* Temperature.swift in Sources */,
				AD91A66727B6BD8C00E589AE /* CityViewViewModel.swift in Sources */,
				AD91A66127B5B27400E589AE /* DailyWeather.swift in Sources */,
			);
			runOnlyForDeploymentPostprocessing = 0;
		};
/* End PBXSourcesBuildPhase section */

/* Begin XCBuildConfiguration section */
		ADA643E227B3009F00057543 /* Debug */ = {
			isa = XCBuildConfiguration;
			buildSettings = {
				ALWAYS_SEARCH_USER_PATHS = NO;
				CLANG_ANALYZER_NONNULL = YES;
				CLANG_ANALYZER_NUMBER_OBJECT_CONVERSION = YES_AGGRESSIVE;
				CLANG_CXX_LANGUAGE_STANDARD = "gnu++17";
				CLANG_CXX_LIBRARY = "libc++";
				CLANG_ENABLE_MODULES = YES;
				CLANG_ENABLE_OBJC_ARC = YES;
				CLANG_ENABLE_OBJC_WEAK = YES;
				CLANG_WARN_BLOCK_CAPTURE_AUTORELEASING = YES;
				CLANG_WARN_BOOL_CONVERSION = YES;
				CLANG_WARN_COMMA = YES;
				CLANG_WARN_CONSTANT_CONVERSION = YES;
				CLANG_WARN_DEPRECATED_OBJC_IMPLEMENTATIONS = YES;
				CLANG_WARN_DIRECT_OBJC_ISA_USAGE = YES_ERROR;
				CLANG_WARN_DOCUMENTATION_COMMENTS = YES;
				CLANG_WARN_EMPTY_BODY = YES;
				CLANG_WARN_ENUM_CONVERSION = YES;
				CLANG_WARN_INFINITE_RECURSION = YES;
				CLANG_WARN_INT_CONVERSION = YES;
				CLANG_WARN_NON_LITERAL_NULL_CONVERSION = YES;
				CLANG_WARN_OBJC_IMPLICIT_RETAIN_SELF = YES;
				CLANG_WARN_OBJC_LITERAL_CONVERSION = YES;
				CLANG_WARN_OBJC_ROOT_CLASS = YES_ERROR;
				CLANG_WARN_QUOTED_INCLUDE_IN_FRAMEWORK_HEADER = YES;
				CLANG_WARN_RANGE_LOOP_ANALYSIS = YES;
				CLANG_WARN_STRICT_PROTOTYPES = YES;
				CLANG_WARN_SUSPICIOUS_MOVE = YES;
				CLANG_WARN_UNGUARDED_AVAILABILITY = YES_AGGRESSIVE;
				CLANG_WARN_UNREACHABLE_CODE = YES;
				CLANG_WARN__DUPLICATE_METHOD_MATCH = YES;
				COPY_PHASE_STRIP = NO;
				DEBUG_INFORMATION_FORMAT = dwarf;
				ENABLE_STRICT_OBJC_MSGSEND = YES;
				ENABLE_TESTABILITY = YES;
				GCC_C_LANGUAGE_STANDARD = gnu11;
				GCC_DYNAMIC_NO_PIC = NO;
				GCC_NO_COMMON_BLOCKS = YES;
				GCC_OPTIMIZATION_LEVEL = 0;
				GCC_PREPROCESSOR_DEFINITIONS = (
					"DEBUG=1",
					"$(inherited)",
				);
				GCC_WARN_64_TO_32_BIT_CONVERSION = YES;
				GCC_WARN_ABOUT_RETURN_TYPE = YES_ERROR;
				GCC_WARN_UNDECLARED_SELECTOR = YES;
				GCC_WARN_UNINITIALIZED_AUTOS = YES_AGGRESSIVE;
				GCC_WARN_UNUSED_FUNCTION = YES;
				GCC_WARN_UNUSED_VARIABLE = YES;
				IPHONEOS_DEPLOYMENT_TARGET = 15.2;
				MTL_ENABLE_DEBUG_INFO = INCLUDE_SOURCE;
				MTL_FAST_MATH = YES;
				ONLY_ACTIVE_ARCH = YES;
				SDKROOT = iphoneos;
				SWIFT_ACTIVE_COMPILATION_CONDITIONS = DEBUG;
				SWIFT_OPTIMIZATION_LEVEL = "-Onone";
			};
			name = Debug;
		};
		ADA643E327B3009F00057543 /* Release */ = {
			isa = XCBuildConfiguration;
			buildSettings = {
				ALWAYS_SEARCH_USER_PATHS = NO;
				CLANG_ANALYZER_NONNULL = YES;
				CLANG_ANALYZER_NUMBER_OBJECT_CONVERSION = YES_AGGRESSIVE;
				CLANG_CXX_LANGUAGE_STANDARD = "gnu++17";
				CLANG_CXX_LIBRARY = "libc++";
				CLANG_ENABLE_MODULES = YES;
				CLANG_ENABLE_OBJC_ARC = YES;
				CLANG_ENABLE_OBJC_WEAK = YES;
				CLANG_WARN_BLOCK_CAPTURE_AUTORELEASING = YES;
				CLANG_WARN_BOOL_CONVERSION = YES;
				CLANG_WARN_COMMA = YES;
				CLANG_WARN_CONSTANT_CONVERSION = YES;
				CLANG_WARN_DEPRECATED_OBJC_IMPLEMENTATIONS = YES;
				CLANG_WARN_DIRECT_OBJC_ISA_USAGE = YES_ERROR;
				CLANG_WARN_DOCUMENTATION_COMMENTS = YES;
				CLANG_WARN_EMPTY_BODY = YES;
				CLANG_WARN_ENUM_CONVERSION = YES;
				CLANG_WARN_INFINITE_RECURSION = YES;
				CLANG_WARN_INT_CONVERSION = YES;
				CLANG_WARN_NON_LITERAL_NULL_CONVERSION = YES;
				CLANG_WARN_OBJC_IMPLICIT_RETAIN_SELF = YES;
				CLANG_WARN_OBJC_LITERAL_CONVERSION = YES;
				CLANG_WARN_OBJC_ROOT_CLASS = YES_ERROR;
				CLANG_WARN_QUOTED_INCLUDE_IN_FRAMEWORK_HEADER = YES;
				CLANG_WARN_RANGE_LOOP_ANALYSIS = YES;
				CLANG_WARN_STRICT_PROTOTYPES = YES;
				CLANG_WARN_SUSPICIOUS_MOVE = YES;
				CLANG_WARN_UNGUARDED_AVAILABILITY = YES_AGGRESSIVE;
				CLANG_WARN_UNREACHABLE_CODE = YES;
				CLANG_WARN__DUPLICATE_METHOD_MATCH = YES;
				COPY_PHASE_STRIP = NO;
				DEBUG_INFORMATION_FORMAT = "dwarf-with-dsym";
				ENABLE_NS_ASSERTIONS = NO;
				ENABLE_STRICT_OBJC_MSGSEND = YES;
				GCC_C_LANGUAGE_STANDARD = gnu11;
				GCC_NO_COMMON_BLOCKS = YES;
				GCC_WARN_64_TO_32_BIT_CONVERSION = YES;
				GCC_WARN_ABOUT_RETURN_TYPE = YES_ERROR;
				GCC_WARN_UNDECLARED_SELECTOR = YES;
				GCC_WARN_UNINITIALIZED_AUTOS = YES_AGGRESSIVE;
				GCC_WARN_UNUSED_FUNCTION = YES;
				GCC_WARN_UNUSED_VARIABLE = YES;
				IPHONEOS_DEPLOYMENT_TARGET = 15.2;
				MTL_ENABLE_DEBUG_INFO = NO;
				MTL_FAST_MATH = YES;
				SDKROOT = iphoneos;
				SWIFT_COMPILATION_MODE = wholemodule;
				SWIFT_OPTIMIZATION_LEVEL = "-O";
				VALIDATE_PRODUCT = YES;
			};
			name = Release;
		};
		ADA643E527B3009F00057543 /* Debug */ = {
			isa = XCBuildConfiguration;
			buildSettings = {
				ASSETCATALOG_COMPILER_APPICON_NAME = AppIcon;
				ASSETCATALOG_COMPILER_GLOBAL_ACCENT_COLOR_NAME = AccentColor;
				CODE_SIGN_STYLE = Automatic;
				CURRENT_PROJECT_VERSION = 1;
				DEVELOPMENT_ASSET_PATHS = "\"LocalWeather/Preview Content\"";
				DEVELOPMENT_TEAM = CF655ESNGC;
				ENABLE_PREVIEWS = YES;
				GENERATE_INFOPLIST_FILE = YES;
				INFOPLIST_KEY_UIApplicationSceneManifest_Generation = YES;
				INFOPLIST_KEY_UIApplicationSupportsIndirectInputEvents = YES;
				INFOPLIST_KEY_UILaunchScreen_Generation = YES;
				INFOPLIST_KEY_UISupportedInterfaceOrientations_iPad = "UIInterfaceOrientationPortrait UIInterfaceOrientationPortraitUpsideDown UIInterfaceOrientationLandscapeLeft UIInterfaceOrientationLandscapeRight";
				INFOPLIST_KEY_UISupportedInterfaceOrientations_iPhone = "UIInterfaceOrientationPortrait UIInterfaceOrientationLandscapeLeft UIInterfaceOrientationLandscapeRight";
				LD_RUNPATH_SEARCH_PATHS = (
					"$(inherited)",
					"@executable_path/Frameworks",
				);
				MARKETING_VERSION = 1.0;
				PRODUCT_BUNDLE_IDENTIFIER = com.baralabs.LocalWeather;
				PRODUCT_NAME = "$(TARGET_NAME)";
				SWIFT_EMIT_LOC_STRINGS = YES;
				SWIFT_VERSION = 5.0;
				TARGETED_DEVICE_FAMILY = "1,2";
			};
			name = Debug;
		};
		ADA643E627B3009F00057543 /* Release */ = {
			isa = XCBuildConfiguration;
			buildSettings = {
				ASSETCATALOG_COMPILER_APPICON_NAME = AppIcon;
				ASSETCATALOG_COMPILER_GLOBAL_ACCENT_COLOR_NAME = AccentColor;
				CODE_SIGN_STYLE = Automatic;
				CURRENT_PROJECT_VERSION = 1;
				DEVELOPMENT_ASSET_PATHS = "\"LocalWeather/Preview Content\"";
				DEVELOPMENT_TEAM = CF655ESNGC;
				ENABLE_PREVIEWS = YES;
				GENERATE_INFOPLIST_FILE = YES;
				INFOPLIST_KEY_UIApplicationSceneManifest_Generation = YES;
				INFOPLIST_KEY_UIApplicationSupportsIndirectInputEvents = YES;
				INFOPLIST_KEY_UILaunchScreen_Generation = YES;
				INFOPLIST_KEY_UISupportedInterfaceOrientations_iPad = "UIInterfaceOrientationPortrait UIInterfaceOrientationPortraitUpsideDown UIInterfaceOrientationLandscapeLeft UIInterfaceOrientationLandscapeRight";
				INFOPLIST_KEY_UISupportedInterfaceOrientations_iPhone = "UIInterfaceOrientationPortrait UIInterfaceOrientationLandscapeLeft UIInterfaceOrientationLandscapeRight";
				LD_RUNPATH_SEARCH_PATHS = (
					"$(inherited)",
					"@executable_path/Frameworks",
				);
				MARKETING_VERSION = 1.0;
				PRODUCT_BUNDLE_IDENTIFIER = com.baralabs.LocalWeather;
				PRODUCT_NAME = "$(TARGET_NAME)";
				SWIFT_EMIT_LOC_STRINGS = YES;
				SWIFT_VERSION = 5.0;
				TARGETED_DEVICE_FAMILY = "1,2";
			};
			name = Release;
		};
/* End XCBuildConfiguration section */

/* Begin XCConfigurationList section */
		ADA643D127B3009E00057543 /* Build configuration list for PBXProject "LocalWeather" */ = {
			isa = XCConfigurationList;
			buildConfigurations = (
				ADA643E227B3009F00057543 /* Debug */,
				ADA643E327B3009F00057543 /* Release */,
			);
			defaultConfigurationIsVisible = 0;
			defaultConfigurationName = Release;
		};
		ADA643E427B3009F00057543 /* Build configuration list for PBXNativeTarget "LocalWeather" */ = {
			isa = XCConfigurationList;
			buildConfigurations = (
				ADA643E527B3009F00057543 /* Debug */,
				ADA643E627B3009F00057543 /* Release */,
			);
			defaultConfigurationIsVisible = 0;
			defaultConfigurationName = Release;
		};
/* End XCConfigurationList section */
	};
	rootObject = ADA643CE27B3009E00057543 /* Project object */;
}
